Microsoft Visual Studio Solution File, Format Version 12.00
# Visual Studio Version 17
VisualStudioVersion = 17.10.34928.147
MinimumVisualStudioVersion = 10.0.40219.1
Project("{9A19103F-16F7-4668-BE54-9A1E7A4F7556}") = "CarShop.AppHost", "CarShop.AppHost\CarShop.AppHost.csproj", "{94BB6A62-0A77-4AB4-9496-B0D0301DB038}"
EndProject
Project("{9A19103F-16F7-4668-BE54-9A1E7A4F7556}") = "CarShop.ServiceDefaults", "CarShop.ServiceDefaults\CarShop.ServiceDefaults.csproj", "{2B998C82-B04B-43D9-A38D-3640F2C22A38}"
EndProject
Project("{9A19103F-16F7-4668-BE54-9A1E7A4F7556}") = "CarShop.Web", "CarShop.Web\CarShop.Web.csproj", "{D4DF1C7A-F677-4416-8B6B-852E4F6D15EC}"
EndProject
Project("{9A19103F-16F7-4668-BE54-9A1E7A4F7556}") = "CarShop.CarStorage", "CarShop.CarStorage\CarShop.CarStorage.csproj", "{48A3DF3E-DDB1-418E-9766-339B2F83C692}"
EndProject
Project("{E53339B2-1760-4266-BCC7-CA923CBCF16C}") = "docker-compose", "docker-compose.dcproj", "{83401DC4-B715-4E4B-A04B-B08F0719AA8E}"
EndProject
Project("{9A19103F-16F7-4668-BE54-9A1E7A4F7556}") = "CarShop.AdminService", "CarShop.AdminService\CarShop.AdminService.csproj", "{2491B4E0-9DBE-4B4F-B841-858A3B829658}"
EndProject
Global
	GlobalSection(SolutionConfigurationPlatforms) = preSolution
		Debug|Any CPU = Debug|Any CPU
		Release|Any CPU = Release|Any CPU
	EndGlobalSection
	GlobalSection(ProjectConfigurationPlatforms) = postSolution
		{94BB6A62-0A77-4AB4-9496-B0D0301DB038}.Debug|Any CPU.ActiveCfg = Debug|Any CPU
		{94BB6A62-0A77-4AB4-9496-B0D0301DB038}.Debug|Any CPU.Build.0 = Debug|Any CPU
		{94BB6A62-0A77-4AB4-9496-B0D0301DB038}.Release|Any CPU.ActiveCfg = Release|Any CPU
		{94BB6A62-0A77-4AB4-9496-B0D0301DB038}.Release|Any CPU.Build.0 = Release|Any CPU
		{2B998C82-B04B-43D9-A38D-3640F2C22A38}.Debug|Any CPU.ActiveCfg = Debug|Any CPU
		{2B998C82-B04B-43D9-A38D-3640F2C22A38}.Debug|Any CPU.Build.0 = Debug|Any CPU
		{2B998C82-B04B-43D9-A38D-3640F2C22A38}.Release|Any CPU.ActiveCfg = Release|Any CPU
		{2B998C82-B04B-43D9-A38D-3640F2C22A38}.Release|Any CPU.Build.0 = Release|Any CPU
		{D4DF1C7A-F677-4416-8B6B-852E4F6D15EC}.Debug|Any CPU.ActiveCfg = Debug|Any CPU
		{D4DF1C7A-F677-4416-8B6B-852E4F6D15EC}.Debug|Any CPU.Build.0 = Debug|Any CPU
		{D4DF1C7A-F677-4416-8B6B-852E4F6D15EC}.Release|Any CPU.ActiveCfg = Release|Any CPU
		{D4DF1C7A-F677-4416-8B6B-852E4F6D15EC}.Release|Any CPU.Build.0 = Release|Any CPU
		{48A3DF3E-DDB1-418E-9766-339B2F83C692}.Debug|Any CPU.ActiveCfg = Debug|Any CPU
		{48A3DF3E-DDB1-418E-9766-339B2F83C692}.Debug|Any CPU.Build.0 = Debug|Any CPU
		{48A3DF3E-DDB1-418E-9766-339B2F83C692}.Release|Any CPU.ActiveCfg = Release|Any CPU
		{48A3DF3E-DDB1-418E-9766-339B2F83C692}.Release|Any CPU.Build.0 = Release|Any CPU
		{83401DC4-B715-4E4B-A04B-B08F0719AA8E}.Debug|Any CPU.ActiveCfg = Debug|Any CPU
		{83401DC4-B715-4E4B-A04B-B08F0719AA8E}.Debug|Any CPU.Build.0 = Debug|Any CPU
		{83401DC4-B715-4E4B-A04B-B08F0719AA8E}.Release|Any CPU.ActiveCfg = Release|Any CPU
		{83401DC4-B715-4E4B-A04B-B08F0719AA8E}.Release|Any CPU.Build.0 = Release|Any CPU
		{2491B4E0-9DBE-4B4F-B841-858A3B829658}.Debug|Any CPU.ActiveCfg = Debug|Any CPU
		{2491B4E0-9DBE-4B4F-B841-858A3B829658}.Debug|Any CPU.Build.0 = Debug|Any CPU
		{2491B4E0-9DBE-4B4F-B841-858A3B829658}.Release|Any CPU.ActiveCfg = Release|Any CPU
		{2491B4E0-9DBE-4B4F-B841-858A3B829658}.Release|Any CPU.Build.0 = Release|Any CPU
	EndGlobalSection
	GlobalSection(SolutionProperties) = preSolution
		HideSolutionNode = FALSE
	EndGlobalSection
	GlobalSection(ExtensibilityGlobals) = postSolution
		SolutionGuid = {45AA85DF-88D4-4987-81D7-3F6CBF6A2084}
	EndGlobalSection
EndGlobal
